
Microsoft Visual Studio Solution File, Format Version 12.00
# Visual Studio Express 2012 for Windows Desktop
Project("{FAE04EC0-301F-11D3-BF4B-00C04F79EFBC}") = "SideMirror", "SideMirror\SideMirror.csproj", "{A1406F66-F0A1-4895-9093-7595F3FAC962}"
EndProject
Global
	GlobalSection(SolutionConfigurationPlatforms) = preSolution
		Debug|Any CPU = Debug|Any CPU
		Release|Any CPU = Release|Any CPU
	EndGlobalSection
	GlobalSection(ProjectConfigurationPlatforms) = postSolution
		{A1406F66-F0A1-4895-9093-7595F3FAC962}.Debug|Any CPU.ActiveCfg = Release|Any CPU
		{A1406F66-F0A1-4895-9093-7595F3FAC962}.Debug|Any CPU.Build.0 = Release|Any CPU
		{A1406F66-F0A1-4895-9093-7595F3FAC962}.Release|Any CPU.ActiveCfg = Release|Any CPU
		{A1406F66-F0A1-4895-9093-7595F3FAC962}.Release|Any CPU.Build.0 = Release|Any CPU
	EndGlobalSection
	GlobalSection(SolutionProperties) = preSolution
		HideSolutionNode = FALSE
	EndGlobalSection
EndGlobal
